// !$*UTF8*$!
{
	archiveVersion = 1;
	classes = {
	};
	objectVersion = 46;
	objects = {

/* Begin PBXBuildFile section */
		FC07A9DB15FBEE7F005E7856 /* Foundation.framework in Frameworks */ = {isa = PBXBuildFile; fileRef = FC07A9DA15FBEE7F005E7856 /* Foundation.framework */; };
		FC07A9DE15FBEE7F005E7856 /* main.m in Sources */ = {isa = PBXBuildFile; fileRef = FC07A9DD15FBEE7F005E7856 /* main.m */; };
		FC07A9E815FBEEAE005E7856 /* ImageCaptureCore.framework in Frameworks */ = {isa = PBXBuildFile; fileRef = FC07A9E715FBEEAE005E7856 /* ImageCaptureCore.framework */; };
		FC07A9EB15FBEFAA005E7856 /* AppController.m in Sources */ = {isa = PBXBuildFile; fileRef = FC07A9EA15FBEFAA005E7856 /* AppController.m */; };
		FC07A9ED15FBF0C6005E7856 /* CoreData.framework in Frameworks */ = {isa = PBXBuildFile; fileRef = FC07A9EC15FBF0C6005E7856 /* CoreData.framework */; };
		FC07A9EF15FBF0DF005E7856 /* Cocoa.framework in Frameworks */ = {isa = PBXBuildFile; fileRef = FC07A9EE15FBF0DF005E7856 /* Cocoa.framework */; };
		FC93E68E162946CB00D8C298 /* PDFKit.framework in Frameworks */ = {isa = PBXBuildFile; fileRef = FC93E68D162946CB00D8C298 /* PDFKit.framework */; };
/* End PBXBuildFile section */

/* Begin PBXCopyFilesBuildPhase section */
		FC07A9D415FBEE7E005E7856 /* CopyFiles */ = {
			isa = PBXCopyFilesBuildPhase;
			buildActionMask = 2147483647;
			dstPath = /usr/share/man/man1/;
			dstSubfolderSpec = 0;
			files = (
			);
			runOnlyForDeploymentPostprocessing = 1;
		};
/* End PBXCopyFilesBuildPhase section */

/* Begin PBXFileReference section */
		FC07A9D615FBEE7F005E7856 /* scanline */ = {isa = PBXFileReference; explicitFileType = "compiled.mach-o.executable"; includeInIndex = 0; path = scanline; sourceTree = BUILT_PRODUCTS_DIR; };
		FC07A9DA15FBEE7F005E7856 /* Foundation.framework */ = {isa = PBXFileReference; lastKnownFileType = wrapper.framework; name = Foundation.framework; path = System/Library/Frameworks/Foundation.framework; sourceTree = SDKROOT; };
		FC07A9DD15FBEE7F005E7856 /* main.m */ = {isa = PBXFileReference; lastKnownFileType = sourcecode.c.objc; path = main.m; sourceTree = "<group>"; };
		FC07A9E015FBEE7F005E7856 /* scanline-Prefix.pch */ = {isa = PBXFileReference; lastKnownFileType = sourcecode.c.h; path = "scanline-Prefix.pch"; sourceTree = "<group>"; };
		FC07A9E115FBEE7F005E7856 /* scanline.1 */ = {isa = PBXFileReference; lastKnownFileType = text.man; path = scanline.1; sourceTree = "<group>"; };
		FC07A9E715FBEEAE005E7856 /* ImageCaptureCore.framework */ = {isa = PBXFileReference; lastKnownFileType = wrapper.framework; name = ImageCaptureCore.framework; path = ../../../../System/Library/Frameworks/ImageCaptureCore.framework; sourceTree = "<group>"; };
		FC07A9E915FBEFAA005E7856 /* AppController.h */ = {isa = PBXFileReference; fileEncoding = 4; lastKnownFileType = sourcecode.c.h; path = AppController.h; sourceTree = "<group>"; };
		FC07A9EA15FBEFAA005E7856 /* AppController.m */ = {isa = PBXFileReference; fileEncoding = 4; lastKnownFileType = sourcecode.c.objc; path = AppController.m; sourceTree = "<group>"; };
		FC07A9EC15FBF0C6005E7856 /* CoreData.framework */ = {isa = PBXFileReference; lastKnownFileType = wrapper.framework; name = CoreData.framework; path = ../../../../System/Library/Frameworks/CoreData.framework; sourceTree = "<group>"; };
		FC07A9EE15FBF0DF005E7856 /* Cocoa.framework */ = {isa = PBXFileReference; lastKnownFileType = wrapper.framework; name = Cocoa.framework; path = ../../../../System/Library/Frameworks/Cocoa.framework; sourceTree = "<group>"; };
		FC93E68D162946CB00D8C298 /* PDFKit.framework */ = {isa = PBXFileReference; lastKnownFileType = wrapper.framework; name = PDFKit.framework; path = ../../../../System/Library/Frameworks/Quartz.framework/Versions/A/Frameworks/PDFKit.framework; sourceTree = "<group>"; };
/* End PBXFileReference section */

/* Begin PBXFrameworksBuildPhase section */
		FC07A9D315FBEE7E005E7856 /* Frameworks */ = {
			isa = PBXFrameworksBuildPhase;
			buildActionMask = 2147483647;
			files = (
				FC07A9DB15FBEE7F005E7856 /* Foundation.framework in Frameworks */,
				FC07A9E815FBEEAE005E7856 /* ImageCaptureCore.framework in Frameworks */,
				FC07A9ED15FBF0C6005E7856 /* CoreData.framework in Frameworks */,
				FC07A9EF15FBF0DF005E7856 /* Cocoa.framework in Frameworks */,
				FC93E68E162946CB00D8C298 /* PDFKit.framework in Frameworks */,
			);
			runOnlyForDeploymentPostprocessing = 0;
		};
/* End PBXFrameworksBuildPhase section */

/* Begin PBXGroup section */
		FC07A9CB15FBEE7E005E7856 = {
			isa = PBXGroup;
			children = (
				FC07A9DC15FBEE7F005E7856 /* scanline */,
				FC07A9D915FBEE7F005E7856 /* Frameworks */,
				FC07A9D715FBEE7F005E7856 /* Products */,
			);
			sourceTree = "<group>";
		};
		FC07A9D715FBEE7F005E7856 /* Products */ = {
			isa = PBXGroup;
			children = (
				FC07A9D615FBEE7F005E7856 /* scanline */,
			);
			name = Products;
			sourceTree = "<group>";
		};
		FC07A9D915FBEE7F005E7856 /* Frameworks */ = {
			isa = PBXGroup;
			children = (
				FC93E68D162946CB00D8C298 /* PDFKit.framework */,
				FC07A9EE15FBF0DF005E7856 /* Cocoa.framework */,
				FC07A9EC15FBF0C6005E7856 /* CoreData.framework */,
				FC07A9E715FBEEAE005E7856 /* ImageCaptureCore.framework */,
				FC07A9DA15FBEE7F005E7856 /* Foundation.framework */,
			);
			name = Frameworks;
			sourceTree = "<group>";
		};
		FC07A9DC15FBEE7F005E7856 /* scanline */ = {
			isa = PBXGroup;
			children = (
				FC07A9DD15FBEE7F005E7856 /* main.m */,
				FC07A9E915FBEFAA005E7856 /* AppController.h */,
				FC07A9EA15FBEFAA005E7856 /* AppController.m */,
				FC07A9E115FBEE7F005E7856 /* scanline.1 */,
				FC07A9DF15FBEE7F005E7856 /* Supporting Files */,
			);
			path = scanline;
			sourceTree = "<group>";
		};
		FC07A9DF15FBEE7F005E7856 /* Supporting Files */ = {
			isa = PBXGroup;
			children = (
				FC07A9E015FBEE7F005E7856 /* scanline-Prefix.pch */,
			);
			name = "Supporting Files";
			sourceTree = "<group>";
		};
/* End PBXGroup section */

/* Begin PBXNativeTarget section */
		FC07A9D515FBEE7E005E7856 /* scanline */ = {
			isa = PBXNativeTarget;
			buildConfigurationList = FC07A9E415FBEE7F005E7856 /* Build configuration list for PBXNativeTarget "scanline" */;
			buildPhases = (
				FC07A9D215FBEE7E005E7856 /* Sources */,
				FC07A9D315FBEE7E005E7856 /* Frameworks */,
				FC07A9D415FBEE7E005E7856 /* CopyFiles */,
			);
			buildRules = (
			);
			dependencies = (
			);
			name = scanline;
			productName = scanline;
			productReference = FC07A9D615FBEE7F005E7856 /* scanline */;
			productType = "com.apple.product-type.tool";
		};
/* End PBXNativeTarget section */

/* Begin PBXProject section */
		FC07A9CD15FBEE7E005E7856 /* Project object */ = {
			isa = PBXProject;
			attributes = {
				LastUpgradeCheck = 0500;
			};
			buildConfigurationList = FC07A9D015FBEE7E005E7856 /* Build configuration list for PBXProject "scanline" */;
			compatibilityVersion = "Xcode 3.2";
			developmentRegion = English;
			hasScannedForEncodings = 0;
			knownRegions = (
				en,
			);
			mainGroup = FC07A9CB15FBEE7E005E7856;
			productRefGroup = FC07A9D715FBEE7F005E7856 /* Products */;
			projectDirPath = "";
			projectRoot = "";
			targets = (
				FC07A9D515FBEE7E005E7856 /* scanline */,
			);
		};
/* End PBXProject section */

/* Begin PBXSourcesBuildPhase section */
		FC07A9D215FBEE7E005E7856 /* Sources */ = {
			isa = PBXSourcesBuildPhase;
			buildActionMask = 2147483647;
			files = (
				FC07A9DE15FBEE7F005E7856 /* main.m in Sources */,
				FC07A9EB15FBEFAA005E7856 /* AppController.m in Sources */,
			);
			runOnlyForDeploymentPostprocessing = 0;
		};
/* End PBXSourcesBuildPhase section */

/* Begin XCBuildConfiguration section */
		FC07A9E215FBEE7F005E7856 /* Debug */ = {
			isa = XCBuildConfiguration;
			buildSettings = {
				CLANG_WARN_BOOL_CONVERSION = YES;
				CLANG_WARN_CONSTANT_CONVERSION = YES;
				CLANG_WARN_EMPTY_BODY = YES;
				CLANG_WARN_ENUM_CONVERSION = YES;
				CLANG_WARN_INT_CONVERSION = YES;
				CLANG_WARN__DUPLICATE_METHOD_MATCH = YES;
				GCC_C_LANGUAGE_STANDARD = gnu99;
				GCC_OPTIMIZATION_LEVEL = 0;
				GCC_PREPROCESSOR_DEFINITIONS = DEBUG;
				GCC_SYMBOLS_PRIVATE_EXTERN = NO;
				GCC_VERSION = com.apple.compilers.llvm.clang.1_0;
				GCC_WARN_64_TO_32_BIT_CONVERSION = YES;
				GCC_WARN_ABOUT_RETURN_TYPE = YES;
				GCC_WARN_UNDECLARED_SELECTOR = YES;
				GCC_WARN_UNINITIALIZED_AUTOS = YES;
				GCC_WARN_UNUSED_FUNCTION = YES;
				GCC_WARN_UNUSED_VARIABLE = YES;
				MACOSX_DEPLOYMENT_TARGET = 10.6;
				ONLY_ACTIVE_ARCH = YES;
				SDKROOT = macosx;
			};
			name = Debug;
		};
		FC07A9E315FBEE7F005E7856 /* Release */ = {
			isa = XCBuildConfiguration;
			buildSettings = {
				CLANG_WARN_BOOL_CONVERSION = YES;
				CLANG_WARN_CONSTANT_CONVERSION = YES;
				CLANG_WARN_EMPTY_BODY = YES;
				CLANG_WARN_ENUM_CONVERSION = YES;
				CLANG_WARN_INT_CONVERSION = YES;
				CLANG_WARN__DUPLICATE_METHOD_MATCH = YES;
				GCC_C_LANGUAGE_STANDARD = gnu99;
				GCC_VERSION = com.apple.compilers.llvm.clang.1_0;
				GCC_WARN_64_TO_32_BIT_CONVERSION = YES;
				GCC_WARN_ABOUT_RETURN_TYPE = YES;
				GCC_WARN_UNDECLARED_SELECTOR = YES;
				GCC_WARN_UNINITIALIZED_AUTOS = YES;
				GCC_WARN_UNUSED_FUNCTION = YES;
				GCC_WARN_UNUSED_VARIABLE = YES;
				MACOSX_DEPLOYMENT_TARGET = 10.6;
				SDKROOT = macosx;
			};
			name = Release;
		};
		FC07A9E515FBEE7F005E7856 /* Debug */ = {
			isa = XCBuildConfiguration;
			buildSettings = {
				ALWAYS_SEARCH_USER_PATHS = NO;
				COPY_PHASE_STRIP = NO;
				FRAMEWORK_SEARCH_PATHS = (
					"$(inherited)",
					"\"$(SYSTEM_LIBRARY_DIR)/Frameworks/Quartz.framework/Versions/A/Frameworks\"",
				);
				GCC_DYNAMIC_NO_PIC = NO;
				GCC_ENABLE_OBJC_EXCEPTIONS = YES;
				GCC_PRECOMPILE_PREFIX_HEADER = YES;
				GCC_PREFIX_HEADER = "scanline/scanline-Prefix.pch";
				PRODUCT_NAME = "$(TARGET_NAME)";
			};
			name = Debug;
		};
		FC07A9E615FBEE7F005E7856 /* Release */ = {
			isa = XCBuildConfiguration;
			buildSettings = {
				ALWAYS_SEARCH_USER_PATHS = NO;
				COPY_PHASE_STRIP = YES;
				DEBUG_INFORMATION_FORMAT = "dwarf-with-dsym";
				FRAMEWORK_SEARCH_PATHS = (
					"$(inherited)",
					"\"$(SYSTEM_LIBRARY_DIR)/Frameworks/Quartz.framework/Versions/A/Frameworks\"",
				);
				GCC_ENABLE_OBJC_EXCEPTIONS = YES;
				GCC_PRECOMPILE_PREFIX_HEADER = YES;
				GCC_PREFIX_HEADER = "scanline/scanline-Prefix.pch";
				PRODUCT_NAME = "$(TARGET_NAME)";
			};
			name = Release;
		};
/* End XCBuildConfiguration section */

/* Begin XCConfigurationList section */
		FC07A9D015FBEE7E005E7856 /* Build configuration list for PBXProject "scanline" */ = {
			isa = XCConfigurationList;
			buildConfigurations = (
				FC07A9E215FBEE7F005E7856 /* Debug */,
				FC07A9E315FBEE7F005E7856 /* Release */,
			);
			defaultConfigurationIsVisible = 0;
			defaultConfigurationName = Release;
		};
		FC07A9E415FBEE7F005E7856 /* Build configuration list for PBXNativeTarget "scanline" */ = {
			isa = XCConfigurationList;
			buildConfigurations = (
				FC07A9E515FBEE7F005E7856 /* Debug */,
				FC07A9E615FBEE7F005E7856 /* Release */,
			);
			defaultConfigurationIsVisible = 0;
			defaultConfigurationName = Release;
		};
/* End XCConfigurationList section */
	};
	rootObject = FC07A9CD15FBEE7E005E7856 /* Project object */;
}
